{
  "requires": true,
  "lockfileVersion": 1,
  "dependencies": {
    "s.color": {
      "version": "0.0.15",
      "resolved": "https://registry.npmjs.org/s.color/-/s.color-0.0.15.tgz",
      "integrity": "sha512-AUNrbEUHeKY8XsYr/DYpl+qk5+aM+DChopnWOPEzn8YKzOhv4l2zH6LzZms3tOZP3wwdOyc0RmTciyi46HLIuA=="
    },
    "sass-formatter": {
      "version": "0.7.6",
      "resolved": "https://registry.npmjs.org/sass-formatter/-/sass-formatter-0.7.6.tgz",
      "integrity": "sha512-hXdxU6PCkiV3XAiSnX+XLqz2ohHoEnVUlrd8LEVMAI80uB1+OTScIkH9n6qQwImZpTye1r1WG1rbGUteHNhoHg==",
      "requires": {
        "suf-log": "^2.5.3"
      }
    },
    "suf-log": {
      "version": "2.5.3",
      "resolved": "https://registry.npmjs.org/suf-log/-/suf-log-2.5.3.tgz",
      "integrity": "sha512-KvC8OPjzdNOe+xQ4XWJV2whQA0aM1kGVczMQ8+dStAO6KfEB140JEVQ9dE76ONZ0/Ylf67ni4tILPJB41U0eow==",
      "requires": {
        "s.color": "0.0.15"
      }
    }
  }
}
